{
  "version": 4,
  "terraform_version": "1.10.3",
  "serial": 172,
  "lineage": "84dae4ff-badf-a7ba-9b39-2543c44ba340",
  "outputs": {},
  "resources": [
    {
      "mode": "managed",
      "type": "google_container_cluster",
      "name": "rag_gke",
      "provider": "provider[\"registry.terraform.io/hashicorp/google\"]",
      "instances": [
        {
          "schema_version": 1,
          "attributes": {
            "addons_config": [
              {
                "cloudrun_config": [],
                "config_connector_config": [],
                "dns_cache_config": [],
                "gce_persistent_disk_csi_driver_config": [
                  {
                    "enabled": true
                  }
                ],
                "gcp_filestore_csi_driver_config": [],
                "gcs_fuse_csi_driver_config": [],
                "gke_backup_agent_config": [],
                "horizontal_pod_autoscaling": [],
                "http_load_balancing": [],
                "network_policy_config": [
                  {
                    "disabled": true
                  }
                ]
              }
            ],
            "allow_net_admin": null,
            "authenticator_groups_config": [],
            "binary_authorization": [
              {
                "enabled": false,
                "evaluation_mode": ""
              }
            ],
            "cluster_autoscaling": [
              {
                "auto_provisioning_defaults": [],
                "enabled": false,
                "resource_limits": []
              }
            ],
            "cluster_ipv4_cidr": "10.24.0.0/14",
            "confidential_nodes": [],
            "cost_management_config": [],
            "database_encryption": [
              {
                "key_name": "",
                "state": "DECRYPTED"
              }
            ],
            "datapath_provider": "",
            "default_max_pods_per_node": null,
            "default_snat_status": [
              {
                "disabled": false
              }
            ],
            "description": "",
            "dns_config": [],
            "enable_autopilot": false,
            "enable_binary_authorization": false,
            "enable_intranode_visibility": false,
            "enable_k8s_beta_apis": [],
            "enable_kubernetes_alpha": false,
            "enable_l4_ilb_subsetting": false,
            "enable_legacy_abac": false,
            "enable_shielded_nodes": true,
            "enable_tpu": false,
            "endpoint": "35.240.244.98",
            "gateway_api_config": [],
            "id": "projects/rag-application-2025/locations/asia-southeast1/clusters/rag-application-2025-gke-1",
            "initial_node_count": 1,
            "ip_allocation_policy": [],
            "label_fingerprint": "a9dc16a7",
            "location": "asia-southeast1",
            "logging_config": [
              {
                "enable_components": [
                  "SYSTEM_COMPONENTS",
                  "WORKLOADS"
                ]
              }
            ],
            "logging_service": "logging.googleapis.com/kubernetes",
            "maintenance_policy": [],
            "master_auth": [
              {
                "client_certificate": "",
                "client_certificate_config": [
                  {
                    "issue_client_certificate": false
                  }
                ],
                "client_key": "",
                "cluster_ca_certificate": "LS0tLS1CRUdJTiBDRVJUSUZJQ0FURS0tLS0tCk1JSUVMRENDQXBTZ0F3SUJBZ0lRRzBMTDU1bGJycFc2TllpSnRObEVaekFOQmdrcWhraUc5dzBCQVFzRkFEQXYKTVMwd0t3WURWUVFERXlSa016QXlObUprWXkwMVpqTmlMVFEzWkRVdE9HWTNZUzB4TkRRd1pETmhPR1EyWXpVdwpJQmNOTWpVd01qQXlNREV4TURBNFdoZ1BNakExTlRBeE1qWXdNakV3TURoYU1DOHhMVEFyQmdOVkJBTVRKR1F6Ck1ESTJZbVJqTFRWbU0ySXRORGRrTlMwNFpqZGhMVEUwTkRCa00yRTRaRFpqTlRDQ0FhSXdEUVlKS29aSWh2Y04KQVFFQkJRQURnZ0dQQURDQ0FZb0NnZ0dCQUxGODEyZ0JockpCcHExRG9WdFdqbFJqRkNTTkFNaExmeUFFTHZHcApUY2UxT25kZll6eVo2MUpNMmVrY05qVktVTHlEZmowUzZDQTYzQUJYUk50N3FjU1A1UFgyNVNqRmd2WWQwT1RMCjhObUt1eTgybTFXRG5CbWxHbDVGdnd4OXhicjJPMHViRy9hU0NuQUxrdXM1OWJZNE0vaWtudlQ4Z1hZRWYwUnUKczRLcXhDMDNWeHQwMWRWY0liOFQwVENsTGZjMVVyanZQREdLOG0yRklOeUFjNTdqeDdEK1g1djQ1bWxkUW9ITAp2cHRpdHJqdWRLUWRqazZGV1Zsd2pQQ2lMd1E1V0dHREhDblc5czVkbGV0dVBsWXZDRHgvLzFuNnZXL1FZYUpxCjhkQXEwUTFndnhOYnZpSDU5bEN3RVpFZS9mamNyVGliTGIrelMwYnYyNTZnN0gySmZBVTJVZVlJdG1URjc4Q3kKZGttUjhwaHFXdFArRk12Q2hidFZ0N2RSVjRhNlpiTlN5a3FQT2dGdmoxN1FMOHo3N3ZUTWFkQm5iSkhteUFHcwpkdzc3VGJDQUtpbjJRNFh4L1ZORkRZb0lQNUl3aTdLSGR5SkdpL2VDSDI4OU9iVG95UWgzSlFKNkdoWnhKY0NnCjc4QTIxVmR6RElSdVpUd2RNZmJ2aC9lb3p3SURBUUFCbzBJd1FEQU9CZ05WSFE4QkFmOEVCQU1DQWdRd0R3WUQKVlIwVEFRSC9CQVV3QXdFQi96QWRCZ05WSFE0RUZnUVVSeWoyaFRFcXc5SnZTSndiRWJyT2Q3ZGU2bzB3RFFZSgpLb1pJaHZjTkFRRUxCUUFEZ2dHQkFBSHBHeGVscXdTdG8rRDZaU3lva21Td2hZWjk3Yzh1UHVheU5SbmdCV05YCmV5cWFGUHhjMDc3dlkrZWQ3S3RhWm9IbmJ0SGpRTFM4b3ppcWprdklFbFVJczdGbzZjOGJLU1BDUkhhd1NSOTQKUWlIWGVVRGFHRDE2cXVWdDNkald2R0hEWjdZOXptN2RtWGUvaWtWc0JLeWdYQk85UG5qVWxoay94cWNaTExSOApFaHlza0xxdkxiLzl2a0JnVjJ4VngrQmxxdmdBeVlIbVFoTzNkQ3pCbm5SSVhndVBrWlJqZ1ZmeVdvTFJibjRDClpBSkJWMG5OR0hBaVREeXZNcDRkTXpOdVpSc3ZzOEk2cWljNE1IaS9HOWEzZHg4RkdNU3NQMEc2L0Q4QVRBdlkKU0orWkJSQlhPOUZyendncDRqdUNpOUp5OFY1Umh0RG9OR01jazVMVGhrV3dyMWQ1UkJveis2My9hSTFCdnVVVwo0eTJ6bU1nanVhbEtwdDJza2pPU1FtL3dBVzBUL1ZHbTlnZDBwZEZXZlJ4WVpwNlRwTlBsYXR0MTdtVXRMMGZjCjU4akVabTlwek90ZnUwQzlucUREL2RISXRTWjgzUUhDTWdsMG5BZXdBV042R2ZDTEJiQUtMWjJnSVdZQWFQRlQKZnN3N2FhcHNDL1JQNHFsbXNKUExudz09Ci0tLS0tRU5EIENFUlRJRklDQVRFLS0tLS0K"
              }
            ],
            "master_authorized_networks_config": [],
            "master_version": "1.31.4-gke.1256000",
            "mesh_certificates": [],
            "min_master_version": null,
            "monitoring_config": [
              {
                "advanced_datapath_observability_config": [
                  {
                    "enable_metrics": false,
                    "relay_mode": ""
                  }
                ],
                "enable_components": [
                  "SYSTEM_COMPONENTS",
                  "STORAGE",
                  "HPA",
                  "POD",
                  "DAEMONSET",
                  "DEPLOYMENT",
                  "STATEFULSET",
                  "CADVISOR",
                  "KUBELET"
                ],
                "managed_prometheus": [
                  {
                    "enabled": true
                  }
                ]
              }
            ],
            "monitoring_service": "monitoring.googleapis.com/kubernetes",
            "name": "rag-application-2025-gke-1",
            "network": "projects/rag-application-2025/global/networks/default",
            "network_policy": [
              {
                "enabled": false,
                "provider": "PROVIDER_UNSPECIFIED"
              }
            ],
            "networking_mode": "ROUTES",
            "node_config": [],
            "node_locations": [
              "asia-southeast1-a"
            ],
            "node_pool": [],
            "node_pool_defaults": [
              {
                "node_config_defaults": [
                  {
                    "logging_variant": "DEFAULT"
                  }
                ]
              }
            ],
            "node_version": "1.31.4-gke.1256000",
            "notification_config": [
              {
                "pubsub": [
                  {
                    "enabled": false,
                    "filter": [],
                    "topic": ""
                  }
                ]
              }
            ],
            "operation": null,
            "private_cluster_config": [
              {
                "enable_private_endpoint": false,
                "enable_private_nodes": false,
                "master_global_access_config": [
                  {
                    "enabled": false
                  }
                ],
                "master_ipv4_cidr_block": "",
                "peering_name": "",
                "private_endpoint": "10.148.0.2",
                "private_endpoint_subnetwork": "",
                "public_endpoint": "35.240.244.98"
              }
            ],
            "private_ipv6_google_access": "",
            "project": "rag-application-2025",
            "release_channel": [
              {
                "channel": "REGULAR"
              }
            ],
            "remove_default_node_pool": true,
            "resource_labels": null,
            "resource_usage_export_config": [],
            "security_posture_config": [
              {
                "mode": "BASIC",
                "vulnerability_mode": "VULNERABILITY_MODE_UNSPECIFIED"
              }
            ],
            "self_link": "https://container.googleapis.com/v1/projects/rag-application-2025/locations/asia-southeast1/clusters/rag-application-2025-gke-1",
            "service_external_ips_config": [
              {
                "enabled": false
              }
            ],
            "services_ipv4_cidr": "10.27.240.0/20",
            "subnetwork": "projects/rag-application-2025/regions/asia-southeast1/subnetworks/default",
            "timeouts": null,
            "tpu_ipv4_cidr_block": "",
            "vertical_pod_autoscaling": [],
            "workload_identity_config": []
          },
          "sensitive_attributes": [
            [
              {
                "type": "get_attr",
                "value": "master_auth"
              },
              {
                "type": "index",
                "value": {
                  "value": 0,
                  "type": "number"
                }
              },
              {
                "type": "get_attr",
                "value": "client_key"
              }
            ]
          ],
          "private": "eyJlMmJmYjczMC1lY2FhLTExZTYtOGY4OC0zNDM2M2JjN2M0YzAiOnsiY3JlYXRlIjoyNDAwMDAwMDAwMDAwLCJkZWxldGUiOjI0MDAwMDAwMDAwMDAsInJlYWQiOjI0MDAwMDAwMDAwMDAsInVwZGF0ZSI6MzYwMDAwMDAwMDAwMH0sInNjaGVtYV92ZXJzaW9uIjoiMSJ9"
        }
      ]
    },
    {
      "mode": "managed",
      "type": "google_container_node_pool",
      "name": "primary_preemptible_node",
      "provider": "provider[\"registry.terraform.io/hashicorp/google\"]",
      "instances": [
        {
          "schema_version": 1,
          "attributes": {
            "autoscaling": [],
            "cluster": "rag-application-2025-gke-1",
            "id": "projects/rag-application-2025/locations/asia-southeast1/clusters/rag-application-2025-gke-1/nodePools/primary-node-pool",
            "initial_node_count": 1,
            "instance_group_urls": [
              "https://www.googleapis.com/compute/v1/projects/rag-application-2025/zones/asia-southeast1-a/instanceGroupManagers/gke-rag-application--primary-node-poo-c002f6dd-grp"
            ],
            "location": "asia-southeast1",
            "managed_instance_group_urls": [
              "https://www.googleapis.com/compute/v1/projects/rag-application-2025/zones/asia-southeast1-a/instanceGroups/gke-rag-application--primary-node-poo-c002f6dd-grp"
            ],
            "management": [
              {
                "auto_repair": true,
                "auto_upgrade": true
              }
            ],
            "max_pods_per_node": null,
            "name": "primary-node-pool",
            "name_prefix": "",
            "network_config": [],
            "node_config": [
              {
                "advanced_machine_features": [],
                "boot_disk_kms_key": "",
                "disk_size_gb": 100,
                "disk_type": "pd-balanced",
                "ephemeral_storage_local_ssd_config": [],
                "gcfs_config": [],
                "guest_accelerator": [],
                "gvnic": [],
                "host_maintenance_policy": [],
                "image_type": "COS_CONTAINERD",
                "kubelet_config": [
                  {
                    "cpu_cfs_quota": false,
                    "cpu_cfs_quota_period": "",
                    "cpu_manager_policy": "",
                    "pod_pids_limit": 0
                  }
                ],
                "labels": {},
                "linux_node_config": [],
                "local_nvme_ssd_block_config": [],
                "local_ssd_count": 0,
                "logging_variant": "DEFAULT",
                "machine_type": "e2-standard-4",
                "metadata": {
                  "disable-legacy-endpoints": "true"
                },
                "min_cpu_platform": "",
                "node_group": "",
                "oauth_scopes": [
                  "https://www.googleapis.com/auth/devstorage.read_only",
                  "https://www.googleapis.com/auth/logging.write",
                  "https://www.googleapis.com/auth/monitoring",
                  "https://www.googleapis.com/auth/service.management.readonly",
                  "https://www.googleapis.com/auth/servicecontrol",
                  "https://www.googleapis.com/auth/trace.append"
                ],
                "preemptible": false,
                "reservation_affinity": [],
                "resource_labels": null,
                "service_account": "default",
                "shielded_instance_config": [
                  {
                    "enable_integrity_monitoring": true,
                    "enable_secure_boot": false
                  }
                ],
                "sole_tenant_config": [],
                "spot": false,
                "tags": null,
                "taint": [],
                "workload_metadata_config": []
              }
            ],
            "node_count": 1,
            "node_locations": [
              "asia-southeast1-a"
            ],
            "operation": null,
            "placement_policy": [],
            "project": "rag-application-2025",
            "timeouts": null,
            "upgrade_settings": [
              {
                "blue_green_settings": [],
                "max_surge": 1,
                "max_unavailable": 0,
                "strategy": "SURGE"
              }
            ],
            "version": "1.31.4-gke.1256000"
          },
          "sensitive_attributes": [],
          "private": "eyJlMmJmYjczMC1lY2FhLTExZTYtOGY4OC0zNDM2M2JjN2M0YzAiOnsiY3JlYXRlIjoxODAwMDAwMDAwMDAwLCJkZWxldGUiOjE4MDAwMDAwMDAwMDAsInVwZGF0ZSI6MTgwMDAwMDAwMDAwMH0sInNjaGVtYV92ZXJzaW9uIjoiMSJ9",
          "dependencies": [
            "google_container_cluster.rag_gke"
          ]
        }
      ]
    }
  ],
  "check_results": null
}
